github.com/clipperhouse/uax29/v2 v2.6.0 h1:z0cDbUV+aPASdFb2/ndFnS9ts/WNXgTNNGFoKXuhpos=
github.com/clipperhouse/uax29/v2 v2.6.0/go.mod h1:Wn1g7MK6OoeDT0vL+Q0SQLDz/KpfsVRgg6W7ihQeh4g=
github.com/hymkor/go-generics-list v0.2.3 h1:Xtiq4d8kP02W1UPjPbUYpxz2cr6lwabII7Z4b5oUQQ8=
github.com/hymkor/go-generics-list v0.2.3/go.mod h1:n+lOMwdcZO6pf7O49/YZGoqIhZI6MJve3cL5nQ8rD7U=
github.com/hymkor/jegan v0.6.1 h1:4T4BhgAecbpziFImc05DkJXLF3/+NLTHnJPL5osKHng=
github.com/hymkor/jegan v0.6.1/go.mod h1:uR8aXUriQ9egAlpS+LLgtBZmCwB9xJqco/TtOhqV/VA=
github.com/hymkor/nemo v0.3.0 h1:8T3Bqx2PzhajadD8r83ilsgrZT/pYuQS5qO+/+zLu8I=
github.com/hymkor/nemo v0.3.0/go.mod h1:c0W/wL6AIqmVqrN3yZPAKVwJl8LLGa6+XSHyql6RhgI=
github.com/hymkor/struct2flag v0.0.4 h1:gF/RACxQznCXnithZdX3xvZqGeOUVXIlM2CCg2Z8r9o=
github.com/hymkor/struct2flag v0.0.4/go.mod h1:Je1TEampOZlaARtEv1LFIuw1dVT1BZmIa1swu8NZh2M=
github.com/mattn/go-runewidth v0.0.23 h1:7ykA0T0jkPpzSvMS5i9uoNn2Xy3R383f9HDx3RybWcw=
github.com/mattn/go-runewidth v0.0.23/go.mod h1:XBkDxAl56ILZc9knddidhrOlY5R/pDhgLpndooCuJAs=
github.com/nyaosorg/go-readline-ny v1.15.1 h1:12TFVSqjkhkzJ1z3CSpLjC/+bFPKChnNo9vvwTu6Zvk=
github.com/nyaosorg/go-readline-ny v1.15.1/go.mod h1:2VID1NHwImx7IASi6gNrR2WOwsFTlQ79p2D/oL1rsJ0=
github.com/nyaosorg/go-ttyadapter v0.6.2 h1:d1MJTmp/xZhh7rHN81mxVX9aBka70xKWX03q4Grw/ec=
github.com/nyaosorg/go-ttyadapter v0.6.2/go.mod h1:w6ySb/Y8rpr0uIju4vN/TMRHC/6ayabORHmEVs6d/qE=
github.com/nyaosorg/go-windows-dbg v0.0.0-20240724174901-9645d9b1df23 h1:PsACS2RhmWIsc39eiIQ4EeEww+OFT0gn60TG0MFObrg=
github.com/nyaosorg/go-windows-dbg v0.0.0-20240724174901-9645d9b1df23/go.mod h1:2KBQW9Jv7m6jB8WDgvZOVsJXwtbk4MRIpOWt/n/EDwg=
